
Microsoft Visual Studio Solution File, Format Version 12.00
# Visual Studio Version 17
VisualStudioVersion = 17.3.32819.101
MinimumVisualStudioVersion = 10.0.40219.1
Project("{9A19103F-16F7-4668-BE54-9A1E7A4F7556}") = "bjsdnfds", "bjsdnfds.csproj", "{24306761-0F52-425E-965E-FCF3B6DA5FFC}"
EndProject
Global
	GlobalSection(SolutionConfigurationPlatforms) = preSolution
		Debug|Any CPU = Debug|Any CPU
		Release|Any CPU = Release|Any CPU
	EndGlobalSection
	GlobalSection(ProjectConfigurationPlatforms) = postSolution
		{24306761-0F52-425E-965E-FCF3B6DA5FFC}.Debug|Any CPU.ActiveCfg = Debug|Any CPU
		{24306761-0F52-425E-965E-FCF3B6DA5FFC}.Debug|Any CPU.Build.0 = Debug|Any CPU
		{24306761-0F52-425E-965E-FCF3B6DA5FFC}.Release|Any CPU.ActiveCfg = Release|Any CPU
		{24306761-0F52-425E-965E-FCF3B6DA5FFC}.Release|Any CPU.Build.0 = Release|Any CPU
	EndGlobalSection
	GlobalSection(SolutionProperties) = preSolution
		HideSolutionNode = FALSE
	EndGlobalSection
	GlobalSection(ExtensibilityGlobals) = postSolution
		SolutionGuid = {73E7A3D9-57FB-4A58-B84E-E4774DC00640}
	EndGlobalSection
EndGlobal
